
Microsoft Visual Studio Solution File, Format Version 12.00
# Visual Studio Version 17
VisualStudioVersion = 17.0.31919.166
MinimumVisualStudioVersion = 10.0.40219.1
Project("{8BC9CEB8-8B4A-11D0-8D11-00A0C91BC942}") = "CDDSLukeStanbridge", "CDDSLukeStanbridge.vcxproj", "{673774DB-0907-42C7-B5D0-46BC244D45FD}"
EndProject
Project("{8BC9CEB8-8B4A-11D0-8D11-00A0C91BC942}") = "LinkedLists", "LinkedLists\LinkedLists.vcxproj", "{1C0B7D95-0821-4327-99E5-47F637E06C42}"
EndProject
Project("{8BC9CEB8-8B4A-11D0-8D11-00A0C91BC942}") = "UnitTesting", "UnitTesting\UnitTesting.vcxproj", "{EC06548C-FD75-42D4-97A7-611890A41764}"
EndProject
Project("{8BC9CEB8-8B4A-11D0-8D11-00A0C91BC942}") = "Hashing", "Hashing\Hashing.vcxproj", "{64EB4918-17DD-47AE-89D5-460886C735D0}"
EndProject
Project("{8BC9CEB8-8B4A-11D0-8D11-00A0C91BC942}") = "CDDS_IPC_EntityEditor", "CDDS_IPC_EntityEditor\CDDS_IPC_EntityEditor.vcxproj", "{A443DE1A-0CB4-4D25-901E-B4078F366528}"
EndProject
Project("{8BC9CEB8-8B4A-11D0-8D11-00A0C91BC942}") = "CDDS_IPC_EntityDisplay", "CDDS_IPC_EntityDisplay\CDDS_IPC_EntityDisplay.vcxproj", "{591693EC-75B0-46C6-AEBA-BCA20D6ECF66}"
EndProject
Project("{8BC9CEB8-8B4A-11D0-8D11-00A0C91BC942}") = "CDDS_BinaryTree", "CDDS_BinaryTree\CDDS_BinaryTree.vcxproj", "{1532490A-1EC5-4851-929D-8A51D4A4C6B1}"
EndProject
Global
	GlobalSection(SolutionConfigurationPlatforms) = preSolution
		Debug|x64 = Debug|x64
		Debug|x86 = Debug|x86
		Release|x64 = Release|x64
		Release|x86 = Release|x86
	EndGlobalSection
	GlobalSection(ProjectConfigurationPlatforms) = postSolution
		{673774DB-0907-42C7-B5D0-46BC244D45FD}.Debug|x64.ActiveCfg = Debug|x64
		{673774DB-0907-42C7-B5D0-46BC244D45FD}.Debug|x64.Build.0 = Debug|x64
		{673774DB-0907-42C7-B5D0-46BC244D45FD}.Debug|x86.ActiveCfg = Debug|Win32
		{673774DB-0907-42C7-B5D0-46BC244D45FD}.Debug|x86.Build.0 = Debug|Win32
		{673774DB-0907-42C7-B5D0-46BC244D45FD}.Release|x64.ActiveCfg = Release|x64
		{673774DB-0907-42C7-B5D0-46BC244D45FD}.Release|x64.Build.0 = Release|x64
		{673774DB-0907-42C7-B5D0-46BC244D45FD}.Release|x86.ActiveCfg = Release|Win32
		{673774DB-0907-42C7-B5D0-46BC244D45FD}.Release|x86.Build.0 = Release|Win32
		{1C0B7D95-0821-4327-99E5-47F637E06C42}.Debug|x64.ActiveCfg = Debug|x64
		{1C0B7D95-0821-4327-99E5-47F637E06C42}.Debug|x64.Build.0 = Debug|x64
		{1C0B7D95-0821-4327-99E5-47F637E06C42}.Debug|x86.ActiveCfg = Debug|Win32
		{1C0B7D95-0821-4327-99E5-47F637E06C42}.Debug|x86.Build.0 = Debug|Win32
		{1C0B7D95-0821-4327-99E5-47F637E06C42}.Release|x64.ActiveCfg = Release|x64
		{1C0B7D95-0821-4327-99E5-47F637E06C42}.Release|x64.Build.0 = Release|x64
		{1C0B7D95-0821-4327-99E5-47F637E06C42}.Release|x86.ActiveCfg = Release|Win32
		{1C0B7D95-0821-4327-99E5-47F637E06C42}.Release|x86.Build.0 = Release|Win32
		{EC06548C-FD75-42D4-97A7-611890A41764}.Debug|x64.ActiveCfg = Debug|x64
		{EC06548C-FD75-42D4-97A7-611890A41764}.Debug|x64.Build.0 = Debug|x64
		{EC06548C-FD75-42D4-97A7-611890A41764}.Debug|x86.ActiveCfg = Debug|Win32
		{EC06548C-FD75-42D4-97A7-611890A41764}.Debug|x86.Build.0 = Debug|Win32
		{EC06548C-FD75-42D4-97A7-611890A41764}.Release|x64.ActiveCfg = Release|x64
		{EC06548C-FD75-42D4-97A7-611890A41764}.Release|x64.Build.0 = Release|x64
		{EC06548C-FD75-42D4-97A7-611890A41764}.Release|x86.ActiveCfg = Release|Win32
		{EC06548C-FD75-42D4-97A7-611890A41764}.Release|x86.Build.0 = Release|Win32
		{64EB4918-17DD-47AE-89D5-460886C735D0}.Debug|x64.ActiveCfg = Debug|x64
		{64EB4918-17DD-47AE-89D5-460886C735D0}.Debug|x64.Build.0 = Debug|x64
		{64EB4918-17DD-47AE-89D5-460886C735D0}.Debug|x86.ActiveCfg = Debug|Win32
		{64EB4918-17DD-47AE-89D5-460886C735D0}.Debug|x86.Build.0 = Debug|Win32
		{64EB4918-17DD-47AE-89D5-460886C735D0}.Release|x64.ActiveCfg = Release|x64
		{64EB4918-17DD-47AE-89D5-460886C735D0}.Release|x64.Build.0 = Release|x64
		{64EB4918-17DD-47AE-89D5-460886C735D0}.Release|x86.ActiveCfg = Release|Win32
		{64EB4918-17DD-47AE-89D5-460886C735D0}.Release|x86.Build.0 = Release|Win32
		{A443DE1A-0CB4-4D25-901E-B4078F366528}.Debug|x64.ActiveCfg = Debug|x64
		{A443DE1A-0CB4-4D25-901E-B4078F366528}.Debug|x64.Build.0 = Debug|x64
		{A443DE1A-0CB4-4D25-901E-B4078F366528}.Debug|x86.ActiveCfg = Debug|Win32
		{A443DE1A-0CB4-4D25-901E-B4078F366528}.Debug|x86.Build.0 = Debug|Win32
		{A443DE1A-0CB4-4D25-901E-B4078F366528}.Release|x64.ActiveCfg = Release|x64
		{A443DE1A-0CB4-4D25-901E-B4078F366528}.Release|x64.Build.0 = Release|x64
		{A443DE1A-0CB4-4D25-901E-B4078F366528}.Release|x86.ActiveCfg = Release|Win32
		{A443DE1A-0CB4-4D25-901E-B4078F366528}.Release|x86.Build.0 = Release|Win32
		{591693EC-75B0-46C6-AEBA-BCA20D6ECF66}.Debug|x64.ActiveCfg = Debug|x64
		{591693EC-75B0-46C6-AEBA-BCA20D6ECF66}.Debug|x64.Build.0 = Debug|x64
		{591693EC-75B0-46C6-AEBA-BCA20D6ECF66}.Debug|x86.ActiveCfg = Debug|Win32
		{591693EC-75B0-46C6-AEBA-BCA20D6ECF66}.Debug|x86.Build.0 = Debug|Win32
		{591693EC-75B0-46C6-AEBA-BCA20D6ECF66}.Release|x64.ActiveCfg = Release|x64
		{591693EC-75B0-46C6-AEBA-BCA20D6ECF66}.Release|x64.Build.0 = Release|x64
		{591693EC-75B0-46C6-AEBA-BCA20D6ECF66}.Release|x86.ActiveCfg = Release|Win32
		{591693EC-75B0-46C6-AEBA-BCA20D6ECF66}.Release|x86.Build.0 = Release|Win32
		{1532490A-1EC5-4851-929D-8A51D4A4C6B1}.Debug|x64.ActiveCfg = Debug|x64
		{1532490A-1EC5-4851-929D-8A51D4A4C6B1}.Debug|x64.Build.0 = Debug|x64
		{1532490A-1EC5-4851-929D-8A51D4A4C6B1}.Debug|x86.ActiveCfg = Debug|Win32
		{1532490A-1EC5-4851-929D-8A51D4A4C6B1}.Debug|x86.Build.0 = Debug|Win32
		{1532490A-1EC5-4851-929D-8A51D4A4C6B1}.Release|x64.ActiveCfg = Release|x64
		{1532490A-1EC5-4851-929D-8A51D4A4C6B1}.Release|x64.Build.0 = Release|x64
		{1532490A-1EC5-4851-929D-8A51D4A4C6B1}.Release|x86.ActiveCfg = Release|Win32
		{1532490A-1EC5-4851-929D-8A51D4A4C6B1}.Release|x86.Build.0 = Release|Win32
	EndGlobalSection
	GlobalSection(SolutionProperties) = preSolution
		HideSolutionNode = FALSE
	EndGlobalSection
	GlobalSection(ExtensibilityGlobals) = postSolution
		SolutionGuid = {63C207BA-2B51-4A14-9419-79369FD195E2}
	EndGlobalSection
EndGlobal
